
Microsoft Visual Studio Solution File, Format Version 12.00
# Visual Studio Express 15 for Windows Desktop
VisualStudioVersion = 15.0.28010.2036
MinimumVisualStudioVersion = 10.0.40219.1
Project("{FAE04EC0-301F-11D3-BF4B-00C04F79EFBC}") = "LibProgressMonitor", "LibProgressMonitor\LibProgressMonitor.csproj", "{06E94B36-6624-447D-8E6C-C77F0A67FCC9}"
EndProject
Global
	GlobalSection(SolutionConfigurationPlatforms) = preSolution
		Debug|Any CPU = Debug|Any CPU
		Release|Any CPU = Release|Any CPU
	EndGlobalSection
	GlobalSection(ProjectConfigurationPlatforms) = postSolution
		{06E94B36-6624-447D-8E6C-C77F0A67FCC9}.Debug|Any CPU.ActiveCfg = Debug|Any CPU
		{06E94B36-6624-447D-8E6C-C77F0A67FCC9}.Debug|Any CPU.Build.0 = Debug|Any CPU
		{06E94B36-6624-447D-8E6C-C77F0A67FCC9}.Release|Any CPU.ActiveCfg = Release|Any CPU
		{06E94B36-6624-447D-8E6C-C77F0A67FCC9}.Release|Any CPU.Build.0 = Release|Any CPU
	EndGlobalSection
	GlobalSection(SolutionProperties) = preSolution
		HideSolutionNode = FALSE
	EndGlobalSection
	GlobalSection(ExtensibilityGlobals) = postSolution
		SolutionGuid = {FB40A951-ADCD-42C4-A643-B2954E6A0580}
	EndGlobalSection
EndGlobal
